
Microsoft Visual Studio Solution File, Format Version 12.00
# Visual Studio Version 17
VisualStudioVersion = 17.13.35913.81 d17.13
MinimumVisualStudioVersion = 10.0.40219.1
Project("{FAE04EC0-301F-11D3-BF4B-00C04F79EFBC}") = "Racemetry", "Racemetry\Racemetry.csproj", "{65B0766C-A123-4A51-BECC-FEAEB61D08D6}"
EndProject
Global
	GlobalSection(SolutionConfigurationPlatforms) = preSolution
		Debug|Any CPU = Debug|Any CPU
		Release|Any CPU = Release|Any CPU
	EndGlobalSection
	GlobalSection(ProjectConfigurationPlatforms) = postSolution
		{65B0766C-A123-4A51-BECC-FEAEB61D08D6}.Debug|Any CPU.ActiveCfg = Debug|Any CPU
		{65B0766C-A123-4A51-BECC-FEAEB61D08D6}.Debug|Any CPU.Build.0 = Debug|Any CPU
		{65B0766C-A123-4A51-BECC-FEAEB61D08D6}.Release|Any CPU.ActiveCfg = Release|Any CPU
		{65B0766C-A123-4A51-BECC-FEAEB61D08D6}.Release|Any CPU.Build.0 = Release|Any CPU
	EndGlobalSection
	GlobalSection(SolutionProperties) = preSolution
		HideSolutionNode = FALSE
	EndGlobalSection
	GlobalSection(ExtensibilityGlobals) = postSolution
		SolutionGuid = {DB2229C3-3B75-4AB6-91A3-F32670FFE446}
	EndGlobalSection
EndGlobal
